// !$*UTF8*$!
{
	archiveVersion = 1;
	classes = {
	};
	objectVersion = 48;
	objects = {

/* Begin PBXBuildFile section */
		7004C82F1FCA890F00760C4A /* pokemon.csv in Resources */ = {isa = PBXBuildFile; fileRef = 7004C82E1FCA88F200760C4A /* pokemon.csv */; };
		7004C8321FCA8BEA00760C4A /* Pokemon.swift in Sources */ = {isa = PBXBuildFile; fileRef = 7004C8311FCA8BEA00760C4A /* Pokemon.swift */; };
		7004C8351FCA915A00760C4A /* PokemonCell.swift in Sources */ = {isa = PBXBuildFile; fileRef = 7004C8341FCA915A00760C4A /* PokemonCell.swift */; };
		7004C8371FCA9B6A00760C4A /* csv.swift in Sources */ = {isa = PBXBuildFile; fileRef = 7004C8361FCA9B6A00760C4A /* csv.swift */; };
		7004C8391FCBE42900760C4A /* pokemon.ttf in Resources */ = {isa = PBXBuildFile; fileRef = 7004C8381FCBE42900760C4A /* pokemon.ttf */; };
		7004C83E1FCBE5CD00760C4A /* music.png in Resources */ = {isa = PBXBuildFile; fileRef = 7004C83D1FCBE5CD00760C4A /* music.png */; };
		7004C8401FCBE65C00760C4A /* music.mp3 in Resources */ = {isa = PBXBuildFile; fileRef = 7004C83F1FCBE65C00760C4A /* music.mp3 */; };
		70BED4291FCA7D3300FA9DE5 /* AppDelegate.swift in Sources */ = {isa = PBXBuildFile; fileRef = 70BED4281FCA7D3300FA9DE5 /* AppDelegate.swift */; };
		70BED42B1FCA7D3300FA9DE5 /* ViewController.swift in Sources */ = {isa = PBXBuildFile; fileRef = 70BED42A1FCA7D3300FA9DE5 /* ViewController.swift */; };
		70BED42E1FCA7D3300FA9DE5 /* Main.storyboard in Resources */ = {isa = PBXBuildFile; fileRef = 70BED42C1FCA7D3300FA9DE5 /* Main.storyboard */; };
		70BED4301FCA7D3300FA9DE5 /* Assets.xcassets in Resources */ = {isa = PBXBuildFile; fileRef = 70BED42F1FCA7D3300FA9DE5 /* Assets.xcassets */; };
		70BED4331FCA7D3300FA9DE5 /* LaunchScreen.storyboard in Resources */ = {isa = PBXBuildFile; fileRef = 70BED4311FCA7D3300FA9DE5 /* LaunchScreen.storyboard */; };
/* End PBXBuildFile section */

/* Begin PBXFileReference section */
		7004C82E1FCA88F200760C4A /* pokemon.csv */ = {isa = PBXFileReference; fileEncoding = 4; lastKnownFileType = text; path = pokemon.csv; sourceTree = "<group>"; };
		7004C8311FCA8BEA00760C4A /* Pokemon.swift */ = {isa = PBXFileReference; lastKnownFileType = sourcecode.swift; path = Pokemon.swift; sourceTree = "<group>"; };
		7004C8341FCA915A00760C4A /* PokemonCell.swift */ = {isa = PBXFileReference; lastKnownFileType = sourcecode.swift; path = PokemonCell.swift; sourceTree = "<group>"; };
		7004C8361FCA9B6A00760C4A /* csv.swift */ = {isa = PBXFileReference; fileEncoding = 4; lastKnownFileType = sourcecode.swift; path = csv.swift; sourceTree = "<group>"; };
		7004C8381FCBE42900760C4A /* pokemon.ttf */ = {isa = PBXFileReference; lastKnownFileType = file; path = pokemon.ttf; sourceTree = "<group>"; };
		7004C83D1FCBE5CD00760C4A /* music.png */ = {isa = PBXFileReference; lastKnownFileType = image.png; path = music.png; sourceTree = "<group>"; };
		7004C83F1FCBE65C00760C4A /* music.mp3 */ = {isa = PBXFileReference; lastKnownFileType = audio.mp3; path = music.mp3; sourceTree = "<group>"; };
		70BED4251FCA7D3300FA9DE5 /* Pokedex Swift.app */ = {isa = PBXFileReference; explicitFileType = wrapper.application; includeInIndex = 0; path = "Pokedex Swift.app"; sourceTree = BUILT_PRODUCTS_DIR; };
		70BED4281FCA7D3300FA9DE5 /* AppDelegate.swift */ = {isa = PBXFileReference; lastKnownFileType = sourcecode.swift; path = AppDelegate.swift; sourceTree = "<group>"; };
		70BED42A1FCA7D3300FA9DE5 /* ViewController.swift */ = {isa = PBXFileReference; lastKnownFileType = sourcecode.swift; path = ViewController.swift; sourceTree = "<group>"; };
		70BED42D1FCA7D3300FA9DE5 /* Base */ = {isa = PBXFileReference; lastKnownFileType = file.storyboard; name = Base; path = Base.lproj/Main.storyboard; sourceTree = "<group>"; };
		70BED42F1FCA7D3300FA9DE5 /* Assets.xcassets */ = {isa = PBXFileReference; lastKnownFileType = folder.assetcatalog; path = Assets.xcassets; sourceTree = "<group>"; };
		70BED4321FCA7D3300FA9DE5 /* Base */ = {isa = PBXFileReference; lastKnownFileType = file.storyboard; name = Base; path = Base.lproj/LaunchScreen.storyboard; sourceTree = "<group>"; };
		70BED4341FCA7D3300FA9DE5 /* Info.plist */ = {isa = PBXFileReference; lastKnownFileType = text.plist.xml; path = Info.plist; sourceTree = "<group>"; };
/* End PBXFileReference section */

/* Begin PBXFrameworksBuildPhase section */
		70BED4221FCA7D3300FA9DE5 /* Frameworks */ = {
			isa = PBXFrameworksBuildPhase;
			buildActionMask = 2147483647;
			files = (
			);
			runOnlyForDeploymentPostprocessing = 0;
		};
/* End PBXFrameworksBuildPhase section */

/* Begin PBXGroup section */
		7004C8301FCA8BD400760C4A /* Model */ = {
			isa = PBXGroup;
			children = (
				7004C8311FCA8BEA00760C4A /* Pokemon.swift */,
			);
			path = Model;
			sourceTree = "<group>";
		};
		7004C8331FCA911400760C4A /* View */ = {
			isa = PBXGroup;
			children = (
				7004C8341FCA915A00760C4A /* PokemonCell.swift */,
			);
			path = View;
			sourceTree = "<group>";
		};
		7004C83A1FCBE43700760C4A /* Controller */ = {
			isa = PBXGroup;
			children = (
				70BED42A1FCA7D3300FA9DE5 /* ViewController.swift */,
			);
			path = Controller;
			sourceTree = "<group>";
		};
		7004C83B1FCBE44400760C4A /* Resources */ = {
			isa = PBXGroup;
			children = (
				7004C82E1FCA88F200760C4A /* pokemon.csv */,
				7004C8381FCBE42900760C4A /* pokemon.ttf */,
				7004C83D1FCBE5CD00760C4A /* music.png */,
				7004C83F1FCBE65C00760C4A /* music.mp3 */,
			);
			path = Resources;
			sourceTree = "<group>";
		};
		7004C83C1FCBE45E00760C4A /* Utilities */ = {
			isa = PBXGroup;
			children = (
				7004C8361FCA9B6A00760C4A /* csv.swift */,
			);
			path = Utilities;
			sourceTree = "<group>";
		};
		70BED41C1FCA7D3300FA9DE5 = {
			isa = PBXGroup;
			children = (
				70BED4271FCA7D3300FA9DE5 /* Pokedex Swift */,
				70BED4261FCA7D3300FA9DE5 /* Products */,
			);
			sourceTree = "<group>";
		};
		70BED4261FCA7D3300FA9DE5 /* Products */ = {
			isa = PBXGroup;
			children = (
				70BED4251FCA7D3300FA9DE5 /* Pokedex Swift.app */,
			);
			name = Products;
			sourceTree = "<group>";
		};
		70BED4271FCA7D3300FA9DE5 /* Pokedex Swift */ = {
			isa = PBXGroup;
			children = (
				7004C8301FCA8BD400760C4A /* Model */,
				7004C8331FCA911400760C4A /* View */,
				7004C83A1FCBE43700760C4A /* Controller */,
				7004C83B1FCBE44400760C4A /* Resources */,
				7004C83C1FCBE45E00760C4A /* Utilities */,
				70BED4281FCA7D3300FA9DE5 /* AppDelegate.swift */,
				70BED42C1FCA7D3300FA9DE5 /* Main.storyboard */,
				70BED42F1FCA7D3300FA9DE5 /* Assets.xcassets */,
				70BED4311FCA7D3300FA9DE5 /* LaunchScreen.storyboard */,
				70BED4341FCA7D3300FA9DE5 /* Info.plist */,
			);
			path = "Pokedex Swift";
			sourceTree = "<group>";
		};
/* End PBXGroup section */

/* Begin PBXNativeTarget section */
		70BED4241FCA7D3300FA9DE5 /* Pokedex Swift */ = {
			isa = PBXNativeTarget;
			buildConfigurationList = 70BED4371FCA7D3300FA9DE5 /* Build configuration list for PBXNativeTarget "Pokedex Swift" */;
			buildPhases = (
				70BED4211FCA7D3300FA9DE5 /* Sources */,
				70BED4221FCA7D3300FA9DE5 /* Frameworks */,
				70BED4231FCA7D3300FA9DE5 /* Resources */,
			);
			buildRules = (
			);
			dependencies = (
			);
			name = "Pokedex Swift";
			productName = "Pokedex Swift";
			productReference = 70BED4251FCA7D3300FA9DE5 /* Pokedex Swift.app */;
			productType = "com.apple.product-type.application";
		};
/* End PBXNativeTarget section */

/* Begin PBXProject section */
		70BED41D1FCA7D3300FA9DE5 /* Project object */ = {
			isa = PBXProject;
			attributes = {
				LastSwiftUpdateCheck = 0910;
				LastUpgradeCheck = 0910;
				ORGANIZATIONNAME = "Seungho Yang";
				TargetAttributes = {
					70BED4241FCA7D3300FA9DE5 = {
						CreatedOnToolsVersion = 9.1;
						ProvisioningStyle = Automatic;
					};
				};
			};
			buildConfigurationList = 70BED4201FCA7D3300FA9DE5 /* Build configuration list for PBXProject "Pokedex Swift" */;
			compatibilityVersion = "Xcode 8.0";
			developmentRegion = en;
			hasScannedForEncodings = 0;
			knownRegions = (
				en,
				Base,
			);
			mainGroup = 70BED41C1FCA7D3300FA9DE5;
			productRefGroup = 70BED4261FCA7D3300FA9DE5 /* Products */;
			projectDirPath = "";
			projectRoot = "";
			targets = (
				70BED4241FCA7D3300FA9DE5 /* Pokedex Swift */,
			);
		};
/* End PBXProject section */

/* Begin PBXResourcesBuildPhase section */
		70BED4231FCA7D3300FA9DE5 /* Resources */ = {
			isa = PBXResourcesBuildPhase;
			buildActionMask = 2147483647;
			files = (
				7004C8391FCBE42900760C4A /* pokemon.ttf in Resources */,
				70BED4331FCA7D3300FA9DE5 /* LaunchScreen.storyboard in Resources */,
				70BED4301FCA7D3300FA9DE5 /* Assets.xcassets in Resources */,
				7004C82F1FCA890F00760C4A /* pokemon.csv in Resources */,
				70BED42E1FCA7D3300FA9DE5 /* Main.storyboard in Resources */,
				7004C8401FCBE65C00760C4A /* music.mp3 in Resources */,
				7004C83E1FCBE5CD00760C4A /* music.png in Resources */,
			);
			runOnlyForDeploymentPostprocessing = 0;
		};
/* End PBXResourcesBuildPhase section */

/* Begin PBXSourcesBuildPhase section */
		70BED4211FCA7D3300FA9DE5 /* Sources */ = {
			isa = PBXSourcesBuildPhase;
			buildActionMask = 2147483647;
			files = (
				70BED42B1FCA7D3300FA9DE5 /* ViewController.swift in Sources */,
				7004C8351FCA915A00760C4A /* PokemonCell.swift in Sources */,
				70BED4291FCA7D3300FA9DE5 /* AppDelegate.swift in Sources */,
				7004C8321FCA8BEA00760C4A /* Pokemon.swift in Sources */,
				7004C8371FCA9B6A00760C4A /* csv.swift in Sources */,
			);
			runOnlyForDeploymentPostprocessing = 0;
		};
/* End PBXSourcesBuildPhase section */

/* Begin PBXVariantGroup section */
		70BED42C1FCA7D3300FA9DE5 /* Main.storyboard */ = {
			isa = PBXVariantGroup;
			children = (
				70BED42D1FCA7D3300FA9DE5 /* Base */,
			);
			name = Main.storyboard;
			sourceTree = "<group>";
		};
		70BED4311FCA7D3300FA9DE5 /* LaunchScreen.storyboard */ = {
			isa = PBXVariantGroup;
			children = (
				70BED4321FCA7D3300FA9DE5 /* Base */,
			);
			name = LaunchScreen.storyboard;
			sourceTree = "<group>";
		};
/* End PBXVariantGroup section */

/* Begin XCBuildConfiguration section */
		70BED4351FCA7D3300FA9DE5 /* Debug */ = {
			isa = XCBuildConfiguration;
			buildSettings = {
				ALWAYS_SEARCH_USER_PATHS = NO;
				CLANG_ANALYZER_NONNULL = YES;
				CLANG_ANALYZER_NUMBER_OBJECT_CONVERSION = YES_AGGRESSIVE;
				CLANG_CXX_LANGUAGE_STANDARD = "gnu++14";
				CLANG_CXX_LIBRARY = "libc++";
				CLANG_ENABLE_MODULES = YES;
				CLANG_ENABLE_OBJC_ARC = YES;
				CLANG_WARN_BLOCK_CAPTURE_AUTORELEASING = YES;
				CLANG_WARN_BOOL_CONVERSION = YES;
				CLANG_WARN_COMMA = YES;
				CLANG_WARN_CONSTANT_CONVERSION = YES;
				CLANG_WARN_DIRECT_OBJC_ISA_USAGE = YES_ERROR;
				CLANG_WARN_DOCUMENTATION_COMMENTS = YES;
				CLANG_WARN_EMPTY_BODY = YES;
				CLANG_WARN_ENUM_CONVERSION = YES;
				CLANG_WARN_INFINITE_RECURSION = YES;
				CLANG_WARN_INT_CONVERSION = YES;
				CLANG_WARN_NON_LITERAL_NULL_CONVERSION = YES;
				CLANG_WARN_OBJC_LITERAL_CONVERSION = YES;
				CLANG_WARN_OBJC_ROOT_CLASS = YES_ERROR;
				CLANG_WARN_RANGE_LOOP_ANALYSIS = YES;
				CLANG_WARN_STRICT_PROTOTYPES = YES;
				CLANG_WARN_SUSPICIOUS_MOVE = YES;
				CLANG_WARN_UNGUARDED_AVAILABILITY = YES_AGGRESSIVE;
				CLANG_WARN_UNREACHABLE_CODE = YES;
				CLANG_WARN__DUPLICATE_METHOD_MATCH = YES;
				CODE_SIGN_IDENTITY = "iPhone Developer";
				COPY_PHASE_STRIP = NO;
				DEBUG_INFORMATION_FORMAT = dwarf;
				ENABLE_STRICT_OBJC_MSGSEND = YES;
				ENABLE_TESTABILITY = YES;
				GCC_C_LANGUAGE_STANDARD = gnu11;
				GCC_DYNAMIC_NO_PIC = NO;
				GCC_NO_COMMON_BLOCKS = YES;
				GCC_OPTIMIZATION_LEVEL = 0;
				GCC_PREPROCESSOR_DEFINITIONS = (
					"DEBUG=1",
					"$(inherited)",
				);
				GCC_WARN_64_TO_32_BIT_CONVERSION = YES;
				GCC_WARN_ABOUT_RETURN_TYPE = YES_ERROR;
				GCC_WARN_UNDECLARED_SELECTOR = YES;
				GCC_WARN_UNINITIALIZED_AUTOS = YES_AGGRESSIVE;
				GCC_WARN_UNUSED_FUNCTION = YES;
				GCC_WARN_UNUSED_VARIABLE = YES;
				IPHONEOS_DEPLOYMENT_TARGET = 11.1;
				MTL_ENABLE_DEBUG_INFO = YES;
				ONLY_ACTIVE_ARCH = YES;
				SDKROOT = iphoneos;
				SWIFT_ACTIVE_COMPILATION_CONDITIONS = DEBUG;
				SWIFT_OPTIMIZATION_LEVEL = "-Onone";
			};
			name = Debug;
		};
		70BED4361FCA7D3300FA9DE5 /* Release */ = {
			isa = XCBuildConfiguration;
			buildSettings = {
				ALWAYS_SEARCH_USER_PATHS = NO;
				CLANG_ANALYZER_NONNULL = YES;
				CLANG_ANALYZER_NUMBER_OBJECT_CONVERSION = YES_AGGRESSIVE;
				CLANG_CXX_LANGUAGE_STANDARD = "gnu++14";
				CLANG_CXX_LIBRARY = "libc++";
				CLANG_ENABLE_MODULES = YES;
				CLANG_ENABLE_OBJC_ARC = YES;
				CLANG_WARN_BLOCK_CAPTURE_AUTORELEASING = YES;
				CLANG_WARN_BOOL_CONVERSION = YES;
				CLANG_WARN_COMMA = YES;
				CLANG_WARN_CONSTANT_CONVERSION = YES;
				CLANG_WARN_DIRECT_OBJC_ISA_USAGE = YES_ERROR;
				CLANG_WARN_DOCUMENTATION_COMMENTS = YES;
				CLANG_WARN_EMPTY_BODY = YES;
				CLANG_WARN_ENUM_CONVERSION = YES;
				CLANG_WARN_INFINITE_RECURSION = YES;
				CLANG_WARN_INT_CONVERSION = YES;
				CLANG_WARN_NON_LITERAL_NULL_CONVERSION = YES;
				CLANG_WARN_OBJC_LITERAL_CONVERSION = YES;
				CLANG_WARN_OBJC_ROOT_CLASS = YES_ERROR;
				CLANG_WARN_RANGE_LOOP_ANALYSIS = YES;
				CLANG_WARN_STRICT_PROTOTYPES = YES;
				CLANG_WARN_SUSPICIOUS_MOVE = YES;
				CLANG_WARN_UNGUARDED_AVAILABILITY = YES_AGGRESSIVE;
				CLANG_WARN_UNREACHABLE_CODE = YES;
				CLANG_WARN__DUPLICATE_METHOD_MATCH = YES;
				CODE_SIGN_IDENTITY = "iPhone Developer";
				COPY_PHASE_STRIP = NO;
				DEBUG_INFORMATION_FORMAT = "dwarf-with-dsym";
				ENABLE_NS_ASSERTIONS = NO;
				ENABLE_STRICT_OBJC_MSGSEND = YES;
				GCC_C_LANGUAGE_STANDARD = gnu11;
				GCC_NO_COMMON_BLOCKS = YES;
				GCC_WARN_64_TO_32_BIT_CONVERSION = YES;
				GCC_WARN_ABOUT_RETURN_TYPE = YES_ERROR;
				GCC_WARN_UNDECLARED_SELECTOR = YES;
				GCC_WARN_UNINITIALIZED_AUTOS = YES_AGGRESSIVE;
				GCC_WARN_UNUSED_FUNCTION = YES;
				GCC_WARN_UNUSED_VARIABLE = YES;
				IPHONEOS_DEPLOYMENT_TARGET = 11.1;
				MTL_ENABLE_DEBUG_INFO = NO;
				SDKROOT = iphoneos;
				SWIFT_OPTIMIZATION_LEVEL = "-Owholemodule";
				VALIDATE_PRODUCT = YES;
			};
			name = Release;
		};
		70BED4381FCA7D3300FA9DE5 /* Debug */ = {
			isa = XCBuildConfiguration;
			buildSettings = {
				ASSETCATALOG_COMPILER_APPICON_NAME = AppIcon;
				CODE_SIGN_STYLE = Automatic;
				DEVELOPMENT_TEAM = Q8E7YDS3EB;
				INFOPLIST_FILE = "Pokedex Swift/Info.plist";
				LD_RUNPATH_SEARCH_PATHS = "$(inherited) @executable_path/Frameworks";
				PRODUCT_BUNDLE_IDENTIFIER = "com.SeunghoYang.Pokedex-Swift";
				PRODUCT_NAME = "$(TARGET_NAME)";
				SWIFT_VERSION = 4.0;
				TARGETED_DEVICE_FAMILY = "1,2";
			};
			name = Debug;
		};
		70BED4391FCA7D3300FA9DE5 /* Release */ = {
			isa = XCBuildConfiguration;
			buildSettings = {
				ASSETCATALOG_COMPILER_APPICON_NAME = AppIcon;
				CODE_SIGN_STYLE = Automatic;
				DEVELOPMENT_TEAM = Q8E7YDS3EB;
				INFOPLIST_FILE = "Pokedex Swift/Info.plist";
				LD_RUNPATH_SEARCH_PATHS = "$(inherited) @executable_path/Frameworks";
				PRODUCT_BUNDLE_IDENTIFIER = "com.SeunghoYang.Pokedex-Swift";
				PRODUCT_NAME = "$(TARGET_NAME)";
				SWIFT_VERSION = 4.0;
				TARGETED_DEVICE_FAMILY = "1,2";
			};
			name = Release;
		};
/* End XCBuildConfiguration section */

/* Begin XCConfigurationList section */
		70BED4201FCA7D3300FA9DE5 /* Build configuration list for PBXProject "Pokedex Swift" */ = {
			isa = XCConfigurationList;
			buildConfigurations = (
				70BED4351FCA7D3300FA9DE5 /* Debug */,
				70BED4361FCA7D3300FA9DE5 /* Release */,
			);
			defaultConfigurationIsVisible = 0;
			defaultConfigurationName = Release;
		};
		70BED4371FCA7D3300FA9DE5 /* Build configuration list for PBXNativeTarget "Pokedex Swift" */ = {
			isa = XCConfigurationList;
			buildConfigurations = (
				70BED4381FCA7D3300FA9DE5 /* Debug */,
				70BED4391FCA7D3300FA9DE5 /* Release */,
			);
			defaultConfigurationIsVisible = 0;
			defaultConfigurationName = Release;
		};
/* End XCConfigurationList section */
	};
	rootObject = 70BED41D1FCA7D3300FA9DE5 /* Project object */;
}
